# THIS IS AN AUTOGENERATED FILE. DO NOT EDIT THIS FILE DIRECTLY.
# yarn lockfile v1


"@types/jest@^23.3.1":
  version "23.3.1"
  resolved "https://registry.yarnpkg.com/@types/jest/-/jest-23.3.1.tgz#a4319aedb071d478e6f407d1c4578ec8156829cf"

closest-file-data@^0.1.4:
  version "0.1.4"
  resolved "https://registry.yarnpkg.com/closest-file-data/-/closest-file-data-0.1.4.tgz#975f87c132f299d24a0375b9f63ca3fb88f72b3a"

fs-extra@6.0.1:
  version "6.0.1"
  resolved "https://registry.yarnpkg.com/fs-extra/-/fs-extra-6.0.1.tgz#8abc128f7946e310135ddc93b98bddb410e7a34b"
  dependencies:
    graceful-fs "^4.1.2"
    jsonfile "^4.0.0"
    universalify "^0.1.0"

graceful-fs@^4.1.2, graceful-fs@^4.1.6:
  version "4.1.11"
  resolved "https://registry.yarnpkg.com/graceful-fs/-/graceful-fs-4.1.11.tgz#0e8bdfe4d1ddb8854d64e04ea7c00e2a026e5658"

jsonfile@^4.0.0:
  version "4.0.0"
  resolved "https://registry.yarnpkg.com/jsonfile/-/jsonfile-4.0.0.tgz#8771aae0799b64076b76640fca058f9c10e33ecb"
  optionalDependencies:
    graceful-fs "^4.1.6"

lodash@^4.17.10:
  version "4.17.10"
  resolved "https://registry.yarnpkg.com/lodash/-/lodash-4.17.10.tgz#1b7793cf7259ea38fb3661d4d38b3260af8ae4e7"

ts-jest@^23.1.3:
  version "23.1.3"
  resolved "https://registry.yarnpkg.com/ts-jest/-/ts-jest-23.1.3.tgz#33e3187d3ef0d42adada6347acf2c3539ac56107"
  dependencies:
    closest-file-data "^0.1.4"
    fs-extra "6.0.1"
    lodash "^4.17.10"

typescript@^3.0.1:
  version "3.0.1"
  resolved "https://registry.yarnpkg.com/typescript/-/typescript-3.0.1.tgz#43738f29585d3a87575520a4b93ab6026ef11fdb"

universalify@^0.1.0:
  version "0.1.2"
  resolved "https://registry.yarnpkg.com/universalify/-/universalify-0.1.2.tgz#b646f69be3942dabcecc9d6639c80dc105efaa66"
