high:
    - rule:
        cwe_ids:
            - "201"
        id: ruby_third_parties_open_telemetry
        title: Sensitive data sent to Open Telemetry detected.
        description: |
            ## Description
            Leaking sensitive data to third-party loggers is a common cause of data leaks and can lead to data breaches. This rule looks for instances of sensitive data sent to Open Telemetry.

            ## Remediations

            When logging errors or events, ensure all sensitive data is removed.

            ## Resources
            - [Open Telemetry Docs](https://opentelemetry.io/docs/)
        documentation_url: https://docs.bearer.com/reference/rules/ruby_third_parties_open_telemetry
      line_number: 2
      filename: datatypes_in_span_init_block.rb
      category_groups:
        - PII
        - Personal Data
      parent_line_number: 2
      snippet: |-
        Tracer.in_span("data leaking", attributes: { "current_user" => user.email, "date" => DateTime.now }) do |span|
          puts "in the span block"
        end
      fingerprint: 97f3848384c820a585765b7b2911aa39_0
    - rule:
        cwe_ids:
            - "201"
        id: ruby_third_parties_open_telemetry
        title: Sensitive data sent to Open Telemetry detected.
        description: |
            ## Description
            Leaking sensitive data to third-party loggers is a common cause of data leaks and can lead to data breaches. This rule looks for instances of sensitive data sent to Open Telemetry.

            ## Remediations

            When logging errors or events, ensure all sensitive data is removed.

            ## Resources
            - [Open Telemetry Docs](https://opentelemetry.io/docs/)
        documentation_url: https://docs.bearer.com/reference/rules/ruby_third_parties_open_telemetry
      line_number: 6
      filename: datatypes_in_span_init_block.rb
      category_groups:
        - PII
        - Personal Data
      parent_line_number: 6
      snippet: |-
        SomeOtherTracer.in_span("data leaking", attributes: { "current_user" => user.email, "date" => DateTime.now }) do |span|
          span.add_attributes(user.email)
        end
      fingerprint: 97f3848384c820a585765b7b2911aa39_1
    - rule:
        cwe_ids:
            - "201"
        id: ruby_third_parties_open_telemetry
        title: Sensitive data sent to Open Telemetry detected.
        description: |
            ## Description
            Leaking sensitive data to third-party loggers is a common cause of data leaks and can lead to data breaches. This rule looks for instances of sensitive data sent to Open Telemetry.

            ## Remediations

            When logging errors or events, ensure all sensitive data is removed.

            ## Resources
            - [Open Telemetry Docs](https://opentelemetry.io/docs/)
        documentation_url: https://docs.bearer.com/reference/rules/ruby_third_parties_open_telemetry
      line_number: 7
      filename: datatypes_in_span_init_block.rb
      category_groups:
        - PII
        - Personal Data
      parent_line_number: 7
      snippet: span.add_attributes(user.email)
      fingerprint: 97f3848384c820a585765b7b2911aa39_2
    - rule:
        cwe_ids:
            - "201"
        id: ruby_third_parties_open_telemetry
        title: Sensitive data sent to Open Telemetry detected.
        description: |
            ## Description
            Leaking sensitive data to third-party loggers is a common cause of data leaks and can lead to data breaches. This rule looks for instances of sensitive data sent to Open Telemetry.

            ## Remediations

            When logging errors or events, ensure all sensitive data is removed.

            ## Resources
            - [Open Telemetry Docs](https://opentelemetry.io/docs/)
        documentation_url: https://docs.bearer.com/reference/rules/ruby_third_parties_open_telemetry
      line_number: 11
      filename: datatypes_in_span_init_block.rb
      category_groups:
        - PII
        - Personal Data
      parent_line_number: 11
      snippet: 'span.add_event("leaking data for #{user.email}")'
      fingerprint: 97f3848384c820a585765b7b2911aa39_3

